// !$*UTF8*$!
{
	archiveVersion = 1;
	classes = {
	};
	objectVersion = 46;
	objects = {

/* Begin PBXBuildFile section */
		3A1427D11C55C81F000F40B7 /* main.m in Sources */ = {isa = PBXBuildFile; fileRef = 3A1427D01C55C81F000F40B7 /* main.m */; };
		3A1427D41C55C81F000F40B7 /* AppDelegate.m in Sources */ = {isa = PBXBuildFile; fileRef = 3A1427D31C55C81F000F40B7 /* AppDelegate.m */; };
		3A1427D71C55C81F000F40B7 /* ViewController.m in Sources */ = {isa = PBXBuildFile; fileRef = 3A1427D61C55C81F000F40B7 /* ViewController.m */; };
		3A1427DA1C55C81F000F40B7 /* Main.storyboard in Resources */ = {isa = PBXBuildFile; fileRef = 3A1427D81C55C81F000F40B7 /* Main.storyboard */; };
		3A1427DC1C55C81F000F40B7 /* Assets.xcassets in Resources */ = {isa = PBXBuildFile; fileRef = 3A1427DB1C55C81F000F40B7 /* Assets.xcassets */; };
		3A1427DF1C55C81F000F40B7 /* LaunchScreen.storyboard in Resources */ = {isa = PBXBuildFile; fileRef = 3A1427DD1C55C81F000F40B7 /* LaunchScreen.storyboard */; };
		3A1427EA1C55C820000F40B7 /* GHCustomHUDTests.m in Sources */ = {isa = PBXBuildFile; fileRef = 3A1427E91C55C820000F40B7 /* GHCustomHUDTests.m */; };
		3A1427F51C55C820000F40B7 /* GHCustomHUDUITests.m in Sources */ = {isa = PBXBuildFile; fileRef = 3A1427F41C55C820000F40B7 /* GHCustomHUDUITests.m */; };
		3A1428051C55C85D000F40B7 /* CustomHudView.m in Sources */ = {isa = PBXBuildFile; fileRef = 3A1428031C55C85D000F40B7 /* CustomHudView.m */; };
		3A1428061C55C85D000F40B7 /* CustomHudView.xib in Resources */ = {isa = PBXBuildFile; fileRef = 3A1428041C55C85D000F40B7 /* CustomHudView.xib */; };
		3A1428091C55C983000F40B7 /* UIView+Extension.m in Sources */ = {isa = PBXBuildFile; fileRef = 3A1428081C55C983000F40B7 /* UIView+Extension.m */; };
		3A14280C1C55D4DA000F40B7 /* loading.png in Resources */ = {isa = PBXBuildFile; fileRef = 3A14280B1C55D4DA000F40B7 /* loading.png */; };
/* End PBXBuildFile section */

/* Begin PBXContainerItemProxy section */
		3A1427E61C55C820000F40B7 /* PBXContainerItemProxy */ = {
			isa = PBXContainerItemProxy;
			containerPortal = 3A1427C41C55C81F000F40B7 /* Project object */;
			proxyType = 1;
			remoteGlobalIDString = 3A1427CB1C55C81F000F40B7;
			remoteInfo = GHCustomHUD;
		};
		3A1427F11C55C820000F40B7 /* PBXContainerItemProxy */ = {
			isa = PBXContainerItemProxy;
			containerPortal = 3A1427C41C55C81F000F40B7 /* Project object */;
			proxyType = 1;
			remoteGlobalIDString = 3A1427CB1C55C81F000F40B7;
			remoteInfo = GHCustomHUD;
		};
/* End PBXContainerItemProxy section */

/* Begin PBXFileReference section */
		3A1427CC1C55C81F000F40B7 /* GHCustomHUD.app */ = {isa = PBXFileReference; explicitFileType = wrapper.application; includeInIndex = 0; path = GHCustomHUD.app; sourceTree = BUILT_PRODUCTS_DIR; };
		3A1427D01C55C81F000F40B7 /* main.m */ = {isa = PBXFileReference; lastKnownFileType = sourcecode.c.objc; path = main.m; sourceTree = "<group>"; };
		3A1427D21C55C81F000F40B7 /* AppDelegate.h */ = {isa = PBXFileReference; lastKnownFileType = sourcecode.c.h; path = AppDelegate.h; sourceTree = "<group>"; };
		3A1427D31C55C81F000F40B7 /* AppDelegate.m */ = {isa = PBXFileReference; lastKnownFileType = sourcecode.c.objc; path = AppDelegate.m; sourceTree = "<group>"; };
		3A1427D51C55C81F000F40B7 /* ViewController.h */ = {isa = PBXFileReference; lastKnownFileType = sourcecode.c.h; path = ViewController.h; sourceTree = "<group>"; };
		3A1427D61C55C81F000F40B7 /* ViewController.m */ = {isa = PBXFileReference; lastKnownFileType = sourcecode.c.objc; path = ViewController.m; sourceTree = "<group>"; };
		3A1427D91C55C81F000F40B7 /* Base */ = {isa = PBXFileReference; lastKnownFileType = file.storyboard; name = Base; path = Base.lproj/Main.storyboard; sourceTree = "<group>"; };
		3A1427DB1C55C81F000F40B7 /* Assets.xcassets */ = {isa = PBXFileReference; lastKnownFileType = folder.assetcatalog; path = Assets.xcassets; sourceTree = "<group>"; };
		3A1427DE1C55C81F000F40B7 /* Base */ = {isa = PBXFileReference; lastKnownFileType = file.storyboard; name = Base; path = Base.lproj/LaunchScreen.storyboard; sourceTree = "<group>"; };
		3A1427E01C55C81F000F40B7 /* Info.plist */ = {isa = PBXFileReference; lastKnownFileType = text.plist.xml; path = Info.plist; sourceTree = "<group>"; };
		3A1427E51C55C820000F40B7 /* GHCustomHUDTests.xctest */ = {isa = PBXFileReference; explicitFileType = wrapper.cfbundle; includeInIndex = 0; path = GHCustomHUDTests.xctest; sourceTree = BUILT_PRODUCTS_DIR; };
		3A1427E91C55C820000F40B7 /* GHCustomHUDTests.m */ = {isa = PBXFileReference; lastKnownFileType = sourcecode.c.objc; path = GHCustomHUDTests.m; sourceTree = "<group>"; };
		3A1427EB1C55C820000F40B7 /* Info.plist */ = {isa = PBXFileReference; lastKnownFileType = text.plist.xml; path = Info.plist; sourceTree = "<group>"; };
		3A1427F01C55C820000F40B7 /* GHCustomHUDUITests.xctest */ = {isa = PBXFileReference; explicitFileType = wrapper.cfbundle; includeInIndex = 0; path = GHCustomHUDUITests.xctest; sourceTree = BUILT_PRODUCTS_DIR; };
		3A1427F41C55C820000F40B7 /* GHCustomHUDUITests.m */ = {isa = PBXFileReference; lastKnownFileType = sourcecode.c.objc; path = GHCustomHUDUITests.m; sourceTree = "<group>"; };
		3A1427F61C55C820000F40B7 /* Info.plist */ = {isa = PBXFileReference; lastKnownFileType = text.plist.xml; path = Info.plist; sourceTree = "<group>"; };
		3A1428021C55C85D000F40B7 /* CustomHudView.h */ = {isa = PBXFileReference; fileEncoding = 4; lastKnownFileType = sourcecode.c.h; path = CustomHudView.h; sourceTree = "<group>"; };
		3A1428031C55C85D000F40B7 /* CustomHudView.m */ = {isa = PBXFileReference; fileEncoding = 4; lastKnownFileType = sourcecode.c.objc; path = CustomHudView.m; sourceTree = "<group>"; };
		3A1428041C55C85D000F40B7 /* CustomHudView.xib */ = {isa = PBXFileReference; fileEncoding = 4; lastKnownFileType = file.xib; path = CustomHudView.xib; sourceTree = "<group>"; };
		3A1428071C55C983000F40B7 /* UIView+Extension.h */ = {isa = PBXFileReference; fileEncoding = 4; lastKnownFileType = sourcecode.c.h; path = "UIView+Extension.h"; sourceTree = "<group>"; };
		3A1428081C55C983000F40B7 /* UIView+Extension.m */ = {isa = PBXFileReference; fileEncoding = 4; lastKnownFileType = sourcecode.c.objc; path = "UIView+Extension.m"; sourceTree = "<group>"; };
		3A14280B1C55D4DA000F40B7 /* loading.png */ = {isa = PBXFileReference; lastKnownFileType = image.png; path = loading.png; sourceTree = "<group>"; };
/* End PBXFileReference section */

/* Begin PBXFrameworksBuildPhase section */
		3A1427C91C55C81F000F40B7 /* Frameworks */ = {
			isa = PBXFrameworksBuildPhase;
			buildActionMask = 2147483647;
			files = (
			);
			runOnlyForDeploymentPostprocessing = 0;
		};
		3A1427E21C55C820000F40B7 /* Frameworks */ = {
			isa = PBXFrameworksBuildPhase;
			buildActionMask = 2147483647;
			files = (
			);
			runOnlyForDeploymentPostprocessing = 0;
		};
		3A1427ED1C55C820000F40B7 /* Frameworks */ = {
			isa = PBXFrameworksBuildPhase;
			buildActionMask = 2147483647;
			files = (
			);
			runOnlyForDeploymentPostprocessing = 0;
		};
/* End PBXFrameworksBuildPhase section */

/* Begin PBXGroup section */
		3A1427C31C55C81F000F40B7 = {
			isa = PBXGroup;
			children = (
				3A1427CE1C55C81F000F40B7 /* GHCustomHUD */,
				3A1427E81C55C820000F40B7 /* GHCustomHUDTests */,
				3A1427F31C55C820000F40B7 /* GHCustomHUDUITests */,
				3A1427CD1C55C81F000F40B7 /* Products */,
			);
			sourceTree = "<group>";
		};
		3A1427CD1C55C81F000F40B7 /* Products */ = {
			isa = PBXGroup;
			children = (
				3A1427CC1C55C81F000F40B7 /* GHCustomHUD.app */,
				3A1427E51C55C820000F40B7 /* GHCustomHUDTests.xctest */,
				3A1427F01C55C820000F40B7 /* GHCustomHUDUITests.xctest */,
			);
			name = Products;
			sourceTree = "<group>";
		};
		3A1427CE1C55C81F000F40B7 /* GHCustomHUD */ = {
			isa = PBXGroup;
			children = (
				3A1427D21C55C81F000F40B7 /* AppDelegate.h */,
				3A1427D31C55C81F000F40B7 /* AppDelegate.m */,
				3A1427D51C55C81F000F40B7 /* ViewController.h */,
				3A1427D61C55C81F000F40B7 /* ViewController.m */,
				3A1428021C55C85D000F40B7 /* CustomHudView.h */,
				3A1428031C55C85D000F40B7 /* CustomHudView.m */,
				3A1428041C55C85D000F40B7 /* CustomHudView.xib */,
				3A1428071C55C983000F40B7 /* UIView+Extension.h */,
				3A1428081C55C983000F40B7 /* UIView+Extension.m */,
				3A1427D81C55C81F000F40B7 /* Main.storyboard */,
				3A1427DB1C55C81F000F40B7 /* Assets.xcassets */,
				3A1427DD1C55C81F000F40B7 /* LaunchScreen.storyboard */,
				3A1427E01C55C81F000F40B7 /* Info.plist */,
				3A1427CF1C55C81F000F40B7 /* Supporting Files */,
			);
			path = GHCustomHUD;
			sourceTree = "<group>";
		};
		3A1427CF1C55C81F000F40B7 /* Supporting Files */ = {
			isa = PBXGroup;
			children = (
				3A1427D01C55C81F000F40B7 /* main.m */,
				3A14280B1C55D4DA000F40B7 /* loading.png */,
			);
			name = "Supporting Files";
			sourceTree = "<group>";
		};
		3A1427E81C55C820000F40B7 /* GHCustomHUDTests */ = {
			isa = PBXGroup;
			children = (
				3A1427E91C55C820000F40B7 /* GHCustomHUDTests.m */,
				3A1427EB1C55C820000F40B7 /* Info.plist */,
			);
			path = GHCustomHUDTests;
			sourceTree = "<group>";
		};
		3A1427F31C55C820000F40B7 /* GHCustomHUDUITests */ = {
			isa = PBXGroup;
			children = (
				3A1427F41C55C820000F40B7 /* GHCustomHUDUITests.m */,
				3A1427F61C55C820000F40B7 /* Info.plist */,
			);
			path = GHCustomHUDUITests;
			sourceTree = "<group>";
		};
/* End PBXGroup section */

/* Begin PBXNativeTarget section */
		3A1427CB1C55C81F000F40B7 /* GHCustomHUD */ = {
			isa = PBXNativeTarget;
			buildConfigurationList = 3A1427F91C55C820000F40B7 /* Build configuration list for PBXNativeTarget "GHCustomHUD" */;
			buildPhases = (
				3A1427C81C55C81F000F40B7 /* Sources */,
				3A1427C91C55C81F000F40B7 /* Frameworks */,
				3A1427CA1C55C81F000F40B7 /* Resources */,
			);
			buildRules = (
			);
			dependencies = (
			);
			name = GHCustomHUD;
			productName = GHCustomHUD;
			productReference = 3A1427CC1C55C81F000F40B7 /* GHCustomHUD.app */;
			productType = "com.apple.product-type.application";
		};
		3A1427E41C55C820000F40B7 /* GHCustomHUDTests */ = {
			isa = PBXNativeTarget;
			buildConfigurationList = 3A1427FC1C55C820000F40B7 /* Build configuration list for PBXNativeTarget "GHCustomHUDTests" */;
			buildPhases = (
				3A1427E11C55C820000F40B7 /* Sources */,
				3A1427E21C55C820000F40B7 /* Frameworks */,
				3A1427E31C55C820000F40B7 /* Resources */,
			);
			buildRules = (
			);
			dependencies = (
				3A1427E71C55C820000F40B7 /* PBXTargetDependency */,
			);
			name = GHCustomHUDTests;
			productName = GHCustomHUDTests;
			productReference = 3A1427E51C55C820000F40B7 /* GHCustomHUDTests.xctest */;
			productType = "com.apple.product-type.bundle.unit-test";
		};
		3A1427EF1C55C820000F40B7 /* GHCustomHUDUITests */ = {
			isa = PBXNativeTarget;
			buildConfigurationList = 3A1427FF1C55C820000F40B7 /* Build configuration list for PBXNativeTarget "GHCustomHUDUITests" */;
			buildPhases = (
				3A1427EC1C55C820000F40B7 /* Sources */,
				3A1427ED1C55C820000F40B7 /* Frameworks */,
				3A1427EE1C55C820000F40B7 /* Resources */,
			);
			buildRules = (
			);
			dependencies = (
				3A1427F21C55C820000F40B7 /* PBXTargetDependency */,
			);
			name = GHCustomHUDUITests;
			productName = GHCustomHUDUITests;
			productReference = 3A1427F01C55C820000F40B7 /* GHCustomHUDUITests.xctest */;
			productType = "com.apple.product-type.bundle.ui-testing";
		};
/* End PBXNativeTarget section */

/* Begin PBXProject section */
		3A1427C41C55C81F000F40B7 /* Project object */ = {
			isa = PBXProject;
			attributes = {
				LastUpgradeCheck = 0710;
				ORGANIZATIONNAME = koalac;
				TargetAttributes = {
					3A1427CB1C55C81F000F40B7 = {
						CreatedOnToolsVersion = 7.1.1;
					};
					3A1427E41C55C820000F40B7 = {
						CreatedOnToolsVersion = 7.1.1;
						TestTargetID = 3A1427CB1C55C81F000F40B7;
					};
					3A1427EF1C55C820000F40B7 = {
						CreatedOnToolsVersion = 7.1.1;
						TestTargetID = 3A1427CB1C55C81F000F40B7;
					};
				};
			};
			buildConfigurationList = 3A1427C71C55C81F000F40B7 /* Build configuration list for PBXProject "GHCustomHUD" */;
			compatibilityVersion = "Xcode 3.2";
			developmentRegion = English;
			hasScannedForEncodings = 0;
			knownRegions = (
				en,
				Base,
			);
			mainGroup = 3A1427C31C55C81F000F40B7;
			productRefGroup = 3A1427CD1C55C81F000F40B7 /* Products */;
			projectDirPath = "";
			projectRoot = "";
			targets = (
				3A1427CB1C55C81F000F40B7 /* GHCustomHUD */,
				3A1427E41C55C820000F40B7 /* GHCustomHUDTests */,
				3A1427EF1C55C820000F40B7 /* GHCustomHUDUITests */,
			);
		};
/* End PBXProject section */

/* Begin PBXResourcesBuildPhase section */
		3A1427CA1C55C81F000F40B7 /* Resources */ = {
			isa = PBXResourcesBuildPhase;
			buildActionMask = 2147483647;
			files = (
				3A14280C1C55D4DA000F40B7 /* loading.png in Resources */,
				3A1427DF1C55C81F000F40B7 /* LaunchScreen.storyboard in Resources */,
				3A1428061C55C85D000F40B7 /* CustomHudView.xib in Resources */,
				3A1427DC1C55C81F000F40B7 /* Assets.xcassets in Resources */,
				3A1427DA1C55C81F000F40B7 /* Main.storyboard in Resources */,
			);
			runOnlyForDeploymentPostprocessing = 0;
		};
		3A1427E31C55C820000F40B7 /* Resources */ = {
			isa = PBXResourcesBuildPhase;
			buildActionMask = 2147483647;
			files = (
			);
			runOnlyForDeploymentPostprocessing = 0;
		};
		3A1427EE1C55C820000F40B7 /* Resources */ = {
			isa = PBXResourcesBuildPhase;
			buildActionMask = 2147483647;
			files = (
			);
			runOnlyForDeploymentPostprocessing = 0;
		};
/* End PBXResourcesBuildPhase section */

/* Begin PBXSourcesBuildPhase section */
		3A1427C81C55C81F000F40B7 /* Sources */ = {
			isa = PBXSourcesBuildPhase;
			buildActionMask = 2147483647;
			files = (
				3A1428091C55C983000F40B7 /* UIView+Extension.m in Sources */,
				3A1427D71C55C81F000F40B7 /* ViewController.m in Sources */,
				3A1428051C55C85D000F40B7 /* CustomHudView.m in Sources */,
				3A1427D41C55C81F000F40B7 /* AppDelegate.m in Sources */,
				3A1427D11C55C81F000F40B7 /* main.m in Sources */,
			);
			runOnlyForDeploymentPostprocessing = 0;
		};
		3A1427E11C55C820000F40B7 /* Sources */ = {
			isa = PBXSourcesBuildPhase;
			buildActionMask = 2147483647;
			files = (
				3A1427EA1C55C820000F40B7 /* GHCustomHUDTests.m in Sources */,
			);
			runOnlyForDeploymentPostprocessing = 0;
		};
		3A1427EC1C55C820000F40B7 /* Sources */ = {
			isa = PBXSourcesBuildPhase;
			buildActionMask = 2147483647;
			files = (
				3A1427F51C55C820000F40B7 /* GHCustomHUDUITests.m in Sources */,
			);
			runOnlyForDeploymentPostprocessing = 0;
		};
/* End PBXSourcesBuildPhase section */

/* Begin PBXTargetDependency section */
		3A1427E71C55C820000F40B7 /* PBXTargetDependency */ = {
			isa = PBXTargetDependency;
			target = 3A1427CB1C55C81F000F40B7 /* GHCustomHUD */;
			targetProxy = 3A1427E61C55C820000F40B7 /* PBXContainerItemProxy */;
		};
		3A1427F21C55C820000F40B7 /* PBXTargetDependency */ = {
			isa = PBXTargetDependency;
			target = 3A1427CB1C55C81F000F40B7 /* GHCustomHUD */;
			targetProxy = 3A1427F11C55C820000F40B7 /* PBXContainerItemProxy */;
		};
/* End PBXTargetDependency section */

/* Begin PBXVariantGroup section */
		3A1427D81C55C81F000F40B7 /* Main.storyboard */ = {
			isa = PBXVariantGroup;
			children = (
				3A1427D91C55C81F000F40B7 /* Base */,
			);
			name = Main.storyboard;
			sourceTree = "<group>";
		};
		3A1427DD1C55C81F000F40B7 /* LaunchScreen.storyboard */ = {
			isa = PBXVariantGroup;
			children = (
				3A1427DE1C55C81F000F40B7 /* Base */,
			);
			name = LaunchScreen.storyboard;
			sourceTree = "<group>";
		};
/* End PBXVariantGroup section */

/* Begin XCBuildConfiguration section */
		3A1427F71C55C820000F40B7 /* Debug */ = {
			isa = XCBuildConfiguration;
			buildSettings = {
				ALWAYS_SEARCH_USER_PATHS = NO;
				CLANG_CXX_LANGUAGE_STANDARD = "gnu++0x";
				CLANG_CXX_LIBRARY = "libc++";
				CLANG_ENABLE_MODULES = YES;
				CLANG_ENABLE_OBJC_ARC = YES;
				CLANG_WARN_BOOL_CONVERSION = YES;
				CLANG_WARN_CONSTANT_CONVERSION = YES;
				CLANG_WARN_DIRECT_OBJC_ISA_USAGE = YES_ERROR;
				CLANG_WARN_EMPTY_BODY = YES;
				CLANG_WARN_ENUM_CONVERSION = YES;
				CLANG_WARN_INT_CONVERSION = YES;
				CLANG_WARN_OBJC_ROOT_CLASS = YES_ERROR;
				CLANG_WARN_UNREACHABLE_CODE = YES;
				CLANG_WARN__DUPLICATE_METHOD_MATCH = YES;
				"CODE_SIGN_IDENTITY[sdk=iphoneos*]" = "iPhone Developer";
				COPY_PHASE_STRIP = NO;
				DEBUG_INFORMATION_FORMAT = dwarf;
				ENABLE_STRICT_OBJC_MSGSEND = YES;
				ENABLE_TESTABILITY = YES;
				GCC_C_LANGUAGE_STANDARD = gnu99;
				GCC_DYNAMIC_NO_PIC = NO;
				GCC_NO_COMMON_BLOCKS = YES;
				GCC_OPTIMIZATION_LEVEL = 0;
				GCC_PREPROCESSOR_DEFINITIONS = (
					"DEBUG=1",
					"$(inherited)",
				);
				GCC_WARN_64_TO_32_BIT_CONVERSION = YES;
				GCC_WARN_ABOUT_RETURN_TYPE = YES_ERROR;
				GCC_WARN_UNDECLARED_SELECTOR = YES;
				GCC_WARN_UNINITIALIZED_AUTOS = YES_AGGRESSIVE;
				GCC_WARN_UNUSED_FUNCTION = YES;
				GCC_WARN_UNUSED_VARIABLE = YES;
				IPHONEOS_DEPLOYMENT_TARGET = 9.1;
				MTL_ENABLE_DEBUG_INFO = YES;
				ONLY_ACTIVE_ARCH = YES;
				SDKROOT = iphoneos;
			};
			name = Debug;
		};
		3A1427F81C55C820000F40B7 /* Release */ = {
			isa = XCBuildConfiguration;
			buildSettings = {
				ALWAYS_SEARCH_USER_PATHS = NO;
				CLANG_CXX_LANGUAGE_STANDARD = "gnu++0x";
				CLANG_CXX_LIBRARY = "libc++";
				CLANG_ENABLE_MODULES = YES;
				CLANG_ENABLE_OBJC_ARC = YES;
				CLANG_WARN_BOOL_CONVERSION = YES;
				CLANG_WARN_CONSTANT_CONVERSION = YES;
				CLANG_WARN_DIRECT_OBJC_ISA_USAGE = YES_ERROR;
				CLANG_WARN_EMPTY_BODY = YES;
				CLANG_WARN_ENUM_CONVERSION = YES;
				CLANG_WARN_INT_CONVERSION = YES;
				CLANG_WARN_OBJC_ROOT_CLASS = YES_ERROR;
				CLANG_WARN_UNREACHABLE_CODE = YES;
				CLANG_WARN__DUPLICATE_METHOD_MATCH = YES;
				"CODE_SIGN_IDENTITY[sdk=iphoneos*]" = "iPhone Developer";
				COPY_PHASE_STRIP = NO;
				DEBUG_INFORMATION_FORMAT = "dwarf-with-dsym";
				ENABLE_NS_ASSERTIONS = NO;
				ENABLE_STRICT_OBJC_MSGSEND = YES;
				GCC_C_LANGUAGE_STANDARD = gnu99;
				GCC_NO_COMMON_BLOCKS = YES;
				GCC_WARN_64_TO_32_BIT_CONVERSION = YES;
				GCC_WARN_ABOUT_RETURN_TYPE = YES_ERROR;
				GCC_WARN_UNDECLARED_SELECTOR = YES;
				GCC_WARN_UNINITIALIZED_AUTOS = YES_AGGRESSIVE;
				GCC_WARN_UNUSED_FUNCTION = YES;
				GCC_WARN_UNUSED_VARIABLE = YES;
				IPHONEOS_DEPLOYMENT_TARGET = 9.1;
				MTL_ENABLE_DEBUG_INFO = NO;
				SDKROOT = iphoneos;
				VALIDATE_PRODUCT = YES;
			};
			name = Release;
		};
		3A1427FA1C55C820000F40B7 /* Debug */ = {
			isa = XCBuildConfiguration;
			buildSettings = {
				ASSETCATALOG_COMPILER_APPICON_NAME = AppIcon;
				INFOPLIST_FILE = GHCustomHUD/Info.plist;
				LD_RUNPATH_SEARCH_PATHS = "$(inherited) @executable_path/Frameworks";
				PRODUCT_BUNDLE_IDENTIFIER = com.koalac.GHCustomHUD;
				PRODUCT_NAME = "$(TARGET_NAME)";
			};
			name = Debug;
		};
		3A1427FB1C55C820000F40B7 /* Release */ = {
			isa = XCBuildConfiguration;
			buildSettings = {
				ASSETCATALOG_COMPILER_APPICON_NAME = AppIcon;
				INFOPLIST_FILE = GHCustomHUD/Info.plist;
				LD_RUNPATH_SEARCH_PATHS = "$(inherited) @executable_path/Frameworks";
				PRODUCT_BUNDLE_IDENTIFIER = com.koalac.GHCustomHUD;
				PRODUCT_NAME = "$(TARGET_NAME)";
			};
			name = Release;
		};
		3A1427FD1C55C820000F40B7 /* Debug */ = {
			isa = XCBuildConfiguration;
			buildSettings = {
				BUNDLE_LOADER = "$(TEST_HOST)";
				INFOPLIST_FILE = GHCustomHUDTests/Info.plist;
				LD_RUNPATH_SEARCH_PATHS = "$(inherited) @executable_path/Frameworks @loader_path/Frameworks";
				PRODUCT_BUNDLE_IDENTIFIER = com.koalac.GHCustomHUDTests;
				PRODUCT_NAME = "$(TARGET_NAME)";
				TEST_HOST = "$(BUILT_PRODUCTS_DIR)/GHCustomHUD.app/GHCustomHUD";
			};
			name = Debug;
		};
		3A1427FE1C55C820000F40B7 /* Release */ = {
			isa = XCBuildConfiguration;
			buildSettings = {
				BUNDLE_LOADER = "$(TEST_HOST)";
				INFOPLIST_FILE = GHCustomHUDTests/Info.plist;
				LD_RUNPATH_SEARCH_PATHS = "$(inherited) @executable_path/Frameworks @loader_path/Frameworks";
				PRODUCT_BUNDLE_IDENTIFIER = com.koalac.GHCustomHUDTests;
				PRODUCT_NAME = "$(TARGET_NAME)";
				TEST_HOST = "$(BUILT_PRODUCTS_DIR)/GHCustomHUD.app/GHCustomHUD";
			};
			name = Release;
		};
		3A1428001C55C820000F40B7 /* Debug */ = {
			isa = XCBuildConfiguration;
			buildSettings = {
				INFOPLIST_FILE = GHCustomHUDUITests/Info.plist;
				LD_RUNPATH_SEARCH_PATHS = "$(inherited) @executable_path/Frameworks @loader_path/Frameworks";
				PRODUCT_BUNDLE_IDENTIFIER = com.koalac.GHCustomHUDUITests;
				PRODUCT_NAME = "$(TARGET_NAME)";
				TEST_TARGET_NAME = GHCustomHUD;
				USES_XCTRUNNER = YES;
			};
			name = Debug;
		};
		3A1428011C55C820000F40B7 /* Release */ = {
			isa = XCBuildConfiguration;
			buildSettings = {
				INFOPLIST_FILE = GHCustomHUDUITests/Info.plist;
				LD_RUNPATH_SEARCH_PATHS = "$(inherited) @executable_path/Frameworks @loader_path/Frameworks";
				PRODUCT_BUNDLE_IDENTIFIER = com.koalac.GHCustomHUDUITests;
				PRODUCT_NAME = "$(TARGET_NAME)";
				TEST_TARGET_NAME = GHCustomHUD;
				USES_XCTRUNNER = YES;
			};
			name = Release;
		};
/* End XCBuildConfiguration section */

/* Begin XCConfigurationList section */
		3A1427C71C55C81F000F40B7 /* Build configuration list for PBXProject "GHCustomHUD" */ = {
			isa = XCConfigurationList;
			buildConfigurations = (
				3A1427F71C55C820000F40B7 /* Debug */,
				3A1427F81C55C820000F40B7 /* Release */,
			);
			defaultConfigurationIsVisible = 0;
			defaultConfigurationName = Release;
		};
		3A1427F91C55C820000F40B7 /* Build configuration list for PBXNativeTarget "GHCustomHUD" */ = {
			isa = XCConfigurationList;
			buildConfigurations = (
				3A1427FA1C55C820000F40B7 /* Debug */,
				3A1427FB1C55C820000F40B7 /* Release */,
			);
			defaultConfigurationIsVisible = 0;
		};
		3A1427FC1C55C820000F40B7 /* Build configuration list for PBXNativeTarget "GHCustomHUDTests" */ = {
			isa = XCConfigurationList;
			buildConfigurations = (
				3A1427FD1C55C820000F40B7 /* Debug */,
				3A1427FE1C55C820000F40B7 /* Release */,
			);
			defaultConfigurationIsVisible = 0;
		};
		3A1427FF1C55C820000F40B7 /* Build configuration list for PBXNativeTarget "GHCustomHUDUITests" */ = {
			isa = XCConfigurationList;
			buildConfigurations = (
				3A1428001C55C820000F40B7 /* Debug */,
				3A1428011C55C820000F40B7 /* Release */,
			);
			defaultConfigurationIsVisible = 0;
		};
/* End XCConfigurationList section */
	};
	rootObject = 3A1427C41C55C81F000F40B7 /* Project object */;
}
